
Microsoft Visual Studio Solution File, Format Version 12.00
# Visual Studio Version 17
VisualStudioVersion = 17.1.32414.318
MinimumVisualStudioVersion = 10.0.40219.1
Project("{9A19103F-16F7-4668-BE54-9A1E7A4F7556}") = "Core-Web-Api", "Core-Web-Api\Core-Web-Api.csproj", "{61100838-D8F8-4CA2-A9D9-C1B131A85BFE}"
EndProject
Project("{9A19103F-16F7-4668-BE54-9A1E7A4F7556}") = "Core-Web-Api-Text", "Core-Web-Api-Text\Core-Web-Api-Text.csproj", "{5EA7BEEA-33DC-4F08-8482-0CA5B5A59490}"
EndProject
Project("{FAE04EC0-301F-11D3-BF4B-00C04F79EFBC}") = "Core-Web-Api-Test", "Core-Web-Api-Test\Core-Web-Api-Test.csproj", "{6A310C73-0FB6-47DE-A64B-30971EDC6C96}"
EndProject
Global
	GlobalSection(SolutionConfigurationPlatforms) = preSolution
		Debug|Any CPU = Debug|Any CPU
		Release|Any CPU = Release|Any CPU
	EndGlobalSection
	GlobalSection(ProjectConfigurationPlatforms) = postSolution
		{61100838-D8F8-4CA2-A9D9-C1B131A85BFE}.Debug|Any CPU.ActiveCfg = Debug|Any CPU
		{61100838-D8F8-4CA2-A9D9-C1B131A85BFE}.Debug|Any CPU.Build.0 = Debug|Any CPU
		{61100838-D8F8-4CA2-A9D9-C1B131A85BFE}.Release|Any CPU.ActiveCfg = Release|Any CPU
		{61100838-D8F8-4CA2-A9D9-C1B131A85BFE}.Release|Any CPU.Build.0 = Release|Any CPU
		{5EA7BEEA-33DC-4F08-8482-0CA5B5A59490}.Debug|Any CPU.ActiveCfg = Debug|Any CPU
		{5EA7BEEA-33DC-4F08-8482-0CA5B5A59490}.Debug|Any CPU.Build.0 = Debug|Any CPU
		{5EA7BEEA-33DC-4F08-8482-0CA5B5A59490}.Release|Any CPU.ActiveCfg = Release|Any CPU
		{5EA7BEEA-33DC-4F08-8482-0CA5B5A59490}.Release|Any CPU.Build.0 = Release|Any CPU
		{6A310C73-0FB6-47DE-A64B-30971EDC6C96}.Debug|Any CPU.ActiveCfg = Debug|Any CPU
		{6A310C73-0FB6-47DE-A64B-30971EDC6C96}.Debug|Any CPU.Build.0 = Debug|Any CPU
		{6A310C73-0FB6-47DE-A64B-30971EDC6C96}.Release|Any CPU.ActiveCfg = Release|Any CPU
		{6A310C73-0FB6-47DE-A64B-30971EDC6C96}.Release|Any CPU.Build.0 = Release|Any CPU
	EndGlobalSection
	GlobalSection(SolutionProperties) = preSolution
		HideSolutionNode = FALSE
	EndGlobalSection
	GlobalSection(ExtensibilityGlobals) = postSolution
		SolutionGuid = {3A03D820-1010-46D2-A72A-633AF696A66E}
	EndGlobalSection
EndGlobal
